
Microsoft Visual Studio Solution File, Format Version 12.00
# Visual Studio Version 16
VisualStudioVersion = 16.0.29509.3
MinimumVisualStudioVersion = 10.0.40219.1
Project("{FAE04EC0-301F-11D3-BF4B-00C04F79EFBC}") = "Glyssen", "Glyssen\Glyssen.csproj", "{45321F2E-174C-482A-BDA1-BF199366FBD6}"
EndProject
Project("{FAE04EC0-301F-11D3-BF4B-00C04F79EFBC}") = "GlyssenTests", "GlyssenTests\GlyssenTests.csproj", "{82A5F002-6E73-49AF-9B98-80C8086C77EE}"
EndProject
Project("{FAE04EC0-301F-11D3-BF4B-00C04F79EFBC}") = "DevTools", "DevTools\DevTools.csproj", "{25EA56F0-139C-42D4-932E-F8515CEC6666}"
EndProject
Project("{FAE04EC0-301F-11D3-BF4B-00C04F79EFBC}") = "ControlDataIntegrityTests", "ControlDataIntegrityTests\ControlDataIntegrityTests.csproj", "{1066E126-F1A9-49D7-B326-428C5986AAB2}"
EndProject
Project("{FAE04EC0-301F-11D3-BF4B-00C04F79EFBC}") = "Reference Text Utility", "Reference Text Utility\Reference Text Utility.csproj", "{8B40629B-EFD9-4823-B494-041766B8625F}"
EndProject
Project("{FAE04EC0-301F-11D3-BF4B-00C04F79EFBC}") = "RefTextDevUtilities", "RefTextDevUtilities\RefTextDevUtilities.csproj", "{49C0C51D-190F-450D-A7BE-14E843C2E89D}"
EndProject
Project("{FAE04EC0-301F-11D3-BF4B-00C04F79EFBC}") = "GlyssenShared", "GlyssenShared\GlyssenShared.csproj", "{965C34CF-8AFB-4132-A2FF-FD4EBB0B410D}"
EndProject
Project("{FAE04EC0-301F-11D3-BF4B-00C04F79EFBC}") = "GlyssenSharedTests", "GlyssenSharedTests\GlyssenSharedTests.csproj", "{A91A6D5E-F3A1-4E6F-B9A8-4FA5C3AF7707}"
EndProject
Project("{FAE04EC0-301F-11D3-BF4B-00C04F79EFBC}") = "GlyssenEngine", "GlyssenEngine\GlyssenEngine.csproj", "{FDF9DF2E-776B-4D7C-8E63-61DAD4C39AC3}"
EndProject
Project("{FAE04EC0-301F-11D3-BF4B-00C04F79EFBC}") = "GlyssenEngineTest", "GlyssenEngineTest\GlyssenEngineTest.csproj", "{EA2FDC70-B738-43EA-9C5B-619691778295}"
EndProject
Global
	GlobalSection(SolutionConfigurationPlatforms) = preSolution
		Debug|Any CPU = Debug|Any CPU
		Release|Any CPU = Release|Any CPU
	EndGlobalSection
	GlobalSection(ProjectConfigurationPlatforms) = postSolution
		{45321F2E-174C-482A-BDA1-BF199366FBD6}.Debug|Any CPU.ActiveCfg = Debug|Any CPU
		{45321F2E-174C-482A-BDA1-BF199366FBD6}.Debug|Any CPU.Build.0 = Debug|Any CPU
		{45321F2E-174C-482A-BDA1-BF199366FBD6}.Release|Any CPU.ActiveCfg = Release|Any CPU
		{45321F2E-174C-482A-BDA1-BF199366FBD6}.Release|Any CPU.Build.0 = Release|Any CPU
		{82A5F002-6E73-49AF-9B98-80C8086C77EE}.Debug|Any CPU.ActiveCfg = Debug|Any CPU
		{82A5F002-6E73-49AF-9B98-80C8086C77EE}.Debug|Any CPU.Build.0 = Debug|Any CPU
		{82A5F002-6E73-49AF-9B98-80C8086C77EE}.Release|Any CPU.ActiveCfg = Release|Any CPU
		{82A5F002-6E73-49AF-9B98-80C8086C77EE}.Release|Any CPU.Build.0 = Release|Any CPU
		{25EA56F0-139C-42D4-932E-F8515CEC6666}.Debug|Any CPU.ActiveCfg = Debug|Any CPU
		{25EA56F0-139C-42D4-932E-F8515CEC6666}.Debug|Any CPU.Build.0 = Debug|Any CPU
		{25EA56F0-139C-42D4-932E-F8515CEC6666}.Release|Any CPU.ActiveCfg = Release|Any CPU
		{1066E126-F1A9-49D7-B326-428C5986AAB2}.Debug|Any CPU.ActiveCfg = Debug|Any CPU
		{1066E126-F1A9-49D7-B326-428C5986AAB2}.Debug|Any CPU.Build.0 = Debug|Any CPU
		{1066E126-F1A9-49D7-B326-428C5986AAB2}.Release|Any CPU.ActiveCfg = Release|Any CPU
		{1066E126-F1A9-49D7-B326-428C5986AAB2}.Release|Any CPU.Build.0 = Release|Any CPU
		{8B40629B-EFD9-4823-B494-041766B8625F}.Debug|Any CPU.ActiveCfg = Debug|Any CPU
		{8B40629B-EFD9-4823-B494-041766B8625F}.Debug|Any CPU.Build.0 = Debug|Any CPU
		{8B40629B-EFD9-4823-B494-041766B8625F}.Release|Any CPU.ActiveCfg = Release|Any CPU
		{8B40629B-EFD9-4823-B494-041766B8625F}.Release|Any CPU.Build.0 = Release|Any CPU
		{49C0C51D-190F-450D-A7BE-14E843C2E89D}.Debug|Any CPU.ActiveCfg = Debug|Any CPU
		{49C0C51D-190F-450D-A7BE-14E843C2E89D}.Debug|Any CPU.Build.0 = Debug|Any CPU
		{49C0C51D-190F-450D-A7BE-14E843C2E89D}.Release|Any CPU.ActiveCfg = Release|Any CPU
		{49C0C51D-190F-450D-A7BE-14E843C2E89D}.Release|Any CPU.Build.0 = Release|Any CPU
		{965C34CF-8AFB-4132-A2FF-FD4EBB0B410D}.Debug|Any CPU.ActiveCfg = Debug|Any CPU
		{965C34CF-8AFB-4132-A2FF-FD4EBB0B410D}.Debug|Any CPU.Build.0 = Debug|Any CPU
		{965C34CF-8AFB-4132-A2FF-FD4EBB0B410D}.Release|Any CPU.ActiveCfg = Release|Any CPU
		{965C34CF-8AFB-4132-A2FF-FD4EBB0B410D}.Release|Any CPU.Build.0 = Release|Any CPU
		{A91A6D5E-F3A1-4E6F-B9A8-4FA5C3AF7707}.Debug|Any CPU.ActiveCfg = Debug|Any CPU
		{A91A6D5E-F3A1-4E6F-B9A8-4FA5C3AF7707}.Debug|Any CPU.Build.0 = Debug|Any CPU
		{A91A6D5E-F3A1-4E6F-B9A8-4FA5C3AF7707}.Release|Any CPU.ActiveCfg = Release|Any CPU
		{A91A6D5E-F3A1-4E6F-B9A8-4FA5C3AF7707}.Release|Any CPU.Build.0 = Release|Any CPU
		{FDF9DF2E-776B-4D7C-8E63-61DAD4C39AC3}.Debug|Any CPU.ActiveCfg = Debug|Any CPU
		{FDF9DF2E-776B-4D7C-8E63-61DAD4C39AC3}.Debug|Any CPU.Build.0 = Debug|Any CPU
		{FDF9DF2E-776B-4D7C-8E63-61DAD4C39AC3}.Release|Any CPU.ActiveCfg = Release|Any CPU
		{FDF9DF2E-776B-4D7C-8E63-61DAD4C39AC3}.Release|Any CPU.Build.0 = Release|Any CPU
		{EA2FDC70-B738-43EA-9C5B-619691778295}.Debug|Any CPU.ActiveCfg = Debug|Any CPU
		{EA2FDC70-B738-43EA-9C5B-619691778295}.Debug|Any CPU.Build.0 = Debug|Any CPU
		{EA2FDC70-B738-43EA-9C5B-619691778295}.Release|Any CPU.ActiveCfg = Release|Any CPU
		{EA2FDC70-B738-43EA-9C5B-619691778295}.Release|Any CPU.Build.0 = Release|Any CPU
	EndGlobalSection
	GlobalSection(SolutionProperties) = preSolution
		HideSolutionNode = FALSE
	EndGlobalSection
	GlobalSection(ExtensibilityGlobals) = postSolution
		SolutionGuid = {F8011831-F50A-4F32-8E6D-2C837E5D60B0}
	EndGlobalSection
EndGlobal
